
Microsoft Visual Studio Solution File, Format Version 12.00
# Visual Studio Version 16
VisualStudioVersion = 16.0.30523.141
MinimumVisualStudioVersion = 10.0.40219.1
Project("{FAE04EC0-301F-11D3-BF4B-00C04F79EFBC}") = "Lecture 2 - Part 2", "Lecture 2 - Part 2\Lecture 2 - Part 2.csproj", "{8D271045-9C4D-40AF-92CC-C76656156052}"
EndProject
Global
	GlobalSection(SolutionConfigurationPlatforms) = preSolution
		Debug|Any CPU = Debug|Any CPU
		Release|Any CPU = Release|Any CPU
	EndGlobalSection
	GlobalSection(ProjectConfigurationPlatforms) = postSolution
		{8D271045-9C4D-40AF-92CC-C76656156052}.Debug|Any CPU.ActiveCfg = Debug|Any CPU
		{8D271045-9C4D-40AF-92CC-C76656156052}.Debug|Any CPU.Build.0 = Debug|Any CPU
		{8D271045-9C4D-40AF-92CC-C76656156052}.Release|Any CPU.ActiveCfg = Release|Any CPU
		{8D271045-9C4D-40AF-92CC-C76656156052}.Release|Any CPU.Build.0 = Release|Any CPU
	EndGlobalSection
	GlobalSection(SolutionProperties) = preSolution
		HideSolutionNode = FALSE
	EndGlobalSection
	GlobalSection(ExtensibilityGlobals) = postSolution
		SolutionGuid = {B46F4620-B96B-4D4F-AA99-D753C645BE35}
	EndGlobalSection
EndGlobal
