
Microsoft Visual Studio Solution File, Format Version 12.00
# Visual Studio Version 16
VisualStudioVersion = 16.0.30523.141
MinimumVisualStudioVersion = 10.0.40219.1
Project("{FAE04EC0-301F-11D3-BF4B-00C04F79EFBC}") = "lecture 7 enum console", "lecture 7 enum console\lecture 7 enum console.csproj", "{6A1921D1-DED2-45F0-8F58-03CC6E175FA8}"
EndProject
Global
	GlobalSection(SolutionConfigurationPlatforms) = preSolution
		Debug|Any CPU = Debug|Any CPU
		Release|Any CPU = Release|Any CPU
	EndGlobalSection
	GlobalSection(ProjectConfigurationPlatforms) = postSolution
		{6A1921D1-DED2-45F0-8F58-03CC6E175FA8}.Debug|Any CPU.ActiveCfg = Debug|Any CPU
		{6A1921D1-DED2-45F0-8F58-03CC6E175FA8}.Debug|Any CPU.Build.0 = Debug|Any CPU
		{6A1921D1-DED2-45F0-8F58-03CC6E175FA8}.Release|Any CPU.ActiveCfg = Release|Any CPU
		{6A1921D1-DED2-45F0-8F58-03CC6E175FA8}.Release|Any CPU.Build.0 = Release|Any CPU
	EndGlobalSection
	GlobalSection(SolutionProperties) = preSolution
		HideSolutionNode = FALSE
	EndGlobalSection
	GlobalSection(ExtensibilityGlobals) = postSolution
		SolutionGuid = {1846EC7E-55BC-436B-BD18-D7A883523FF2}
	EndGlobalSection
EndGlobal
